// !$*UTF8*$!
{
	archiveVersion = 1;
	classes = {
	};
	objectVersion = 46;
	objects = {

/* Begin PBXBuildFile section */
		34246FAF1D6A4AE600C20F51 /* main.m in Sources */ = {isa = PBXBuildFile; fileRef = 34246FAE1D6A4AE600C20F51 /* main.m */; };
		34246FB21D6A4AE600C20F51 /* AppDelegate.m in Sources */ = {isa = PBXBuildFile; fileRef = 34246FB11D6A4AE600C20F51 /* AppDelegate.m */; };
		34246FB51D6A4AE600C20F51 /* ViewController.m in Sources */ = {isa = PBXBuildFile; fileRef = 34246FB41D6A4AE600C20F51 /* ViewController.m */; };
		34246FB81D6A4AE600C20F51 /* Main.storyboard in Resources */ = {isa = PBXBuildFile; fileRef = 34246FB61D6A4AE600C20F51 /* Main.storyboard */; };
		34246FBA1D6A4AE600C20F51 /* Assets.xcassets in Resources */ = {isa = PBXBuildFile; fileRef = 34246FB91D6A4AE600C20F51 /* Assets.xcassets */; };
		34246FBD1D6A4AE600C20F51 /* LaunchScreen.storyboard in Resources */ = {isa = PBXBuildFile; fileRef = 34246FBB1D6A4AE600C20F51 /* LaunchScreen.storyboard */; };
		34246FC81D6A4AE600C20F51 /* SettingFirebaseTests.m in Sources */ = {isa = PBXBuildFile; fileRef = 34246FC71D6A4AE600C20F51 /* SettingFirebaseTests.m */; };
		34246FD31D6A4AE600C20F51 /* SettingFirebaseUITests.m in Sources */ = {isa = PBXBuildFile; fileRef = 34246FD21D6A4AE600C20F51 /* SettingFirebaseUITests.m */; };
/* End PBXBuildFile section */

/* Begin PBXContainerItemProxy section */
		34246FC41D6A4AE600C20F51 /* PBXContainerItemProxy */ = {
			isa = PBXContainerItemProxy;
			containerPortal = 34246FA21D6A4AE600C20F51 /* Project object */;
			proxyType = 1;
			remoteGlobalIDString = 34246FA91D6A4AE600C20F51;
			remoteInfo = SettingFirebase;
		};
		34246FCF1D6A4AE600C20F51 /* PBXContainerItemProxy */ = {
			isa = PBXContainerItemProxy;
			containerPortal = 34246FA21D6A4AE600C20F51 /* Project object */;
			proxyType = 1;
			remoteGlobalIDString = 34246FA91D6A4AE600C20F51;
			remoteInfo = SettingFirebase;
		};
/* End PBXContainerItemProxy section */

/* Begin PBXFileReference section */
		34246FAA1D6A4AE600C20F51 /* SettingFirebase.app */ = {isa = PBXFileReference; explicitFileType = wrapper.application; includeInIndex = 0; path = SettingFirebase.app; sourceTree = BUILT_PRODUCTS_DIR; };
		34246FAE1D6A4AE600C20F51 /* main.m */ = {isa = PBXFileReference; lastKnownFileType = sourcecode.c.objc; path = main.m; sourceTree = "<group>"; };
		34246FB01D6A4AE600C20F51 /* AppDelegate.h */ = {isa = PBXFileReference; lastKnownFileType = sourcecode.c.h; path = AppDelegate.h; sourceTree = "<group>"; };
		34246FB11D6A4AE600C20F51 /* AppDelegate.m */ = {isa = PBXFileReference; lastKnownFileType = sourcecode.c.objc; path = AppDelegate.m; sourceTree = "<group>"; };
		34246FB31D6A4AE600C20F51 /* ViewController.h */ = {isa = PBXFileReference; lastKnownFileType = sourcecode.c.h; path = ViewController.h; sourceTree = "<group>"; };
		34246FB41D6A4AE600C20F51 /* ViewController.m */ = {isa = PBXFileReference; lastKnownFileType = sourcecode.c.objc; path = ViewController.m; sourceTree = "<group>"; };
		34246FB71D6A4AE600C20F51 /* Base */ = {isa = PBXFileReference; lastKnownFileType = file.storyboard; name = Base; path = Base.lproj/Main.storyboard; sourceTree = "<group>"; };
		34246FB91D6A4AE600C20F51 /* Assets.xcassets */ = {isa = PBXFileReference; lastKnownFileType = folder.assetcatalog; path = Assets.xcassets; sourceTree = "<group>"; };
		34246FBC1D6A4AE600C20F51 /* Base */ = {isa = PBXFileReference; lastKnownFileType = file.storyboard; name = Base; path = Base.lproj/LaunchScreen.storyboard; sourceTree = "<group>"; };
		34246FBE1D6A4AE600C20F51 /* Info.plist */ = {isa = PBXFileReference; lastKnownFileType = text.plist.xml; path = Info.plist; sourceTree = "<group>"; };
		34246FC31D6A4AE600C20F51 /* SettingFirebaseTests.xctest */ = {isa = PBXFileReference; explicitFileType = wrapper.cfbundle; includeInIndex = 0; path = SettingFirebaseTests.xctest; sourceTree = BUILT_PRODUCTS_DIR; };
		34246FC71D6A4AE600C20F51 /* SettingFirebaseTests.m */ = {isa = PBXFileReference; lastKnownFileType = sourcecode.c.objc; path = SettingFirebaseTests.m; sourceTree = "<group>"; };
		34246FC91D6A4AE600C20F51 /* Info.plist */ = {isa = PBXFileReference; lastKnownFileType = text.plist.xml; path = Info.plist; sourceTree = "<group>"; };
		34246FCE1D6A4AE600C20F51 /* SettingFirebaseUITests.xctest */ = {isa = PBXFileReference; explicitFileType = wrapper.cfbundle; includeInIndex = 0; path = SettingFirebaseUITests.xctest; sourceTree = BUILT_PRODUCTS_DIR; };
		34246FD21D6A4AE600C20F51 /* SettingFirebaseUITests.m */ = {isa = PBXFileReference; lastKnownFileType = sourcecode.c.objc; path = SettingFirebaseUITests.m; sourceTree = "<group>"; };
		34246FD41D6A4AE600C20F51 /* Info.plist */ = {isa = PBXFileReference; lastKnownFileType = text.plist.xml; path = Info.plist; sourceTree = "<group>"; };
/* End PBXFileReference section */

/* Begin PBXFrameworksBuildPhase section */
		34246FA71D6A4AE600C20F51 /* Frameworks */ = {
			isa = PBXFrameworksBuildPhase;
			buildActionMask = 2147483647;
			files = (
			);
			runOnlyForDeploymentPostprocessing = 0;
		};
		34246FC01D6A4AE600C20F51 /* Frameworks */ = {
			isa = PBXFrameworksBuildPhase;
			buildActionMask = 2147483647;
			files = (
			);
			runOnlyForDeploymentPostprocessing = 0;
		};
		34246FCB1D6A4AE600C20F51 /* Frameworks */ = {
			isa = PBXFrameworksBuildPhase;
			buildActionMask = 2147483647;
			files = (
			);
			runOnlyForDeploymentPostprocessing = 0;
		};
/* End PBXFrameworksBuildPhase section */

/* Begin PBXGroup section */
		34246FA11D6A4AE600C20F51 = {
			isa = PBXGroup;
			children = (
				34246FAC1D6A4AE600C20F51 /* SettingFirebase */,
				34246FC61D6A4AE600C20F51 /* SettingFirebaseTests */,
				34246FD11D6A4AE600C20F51 /* SettingFirebaseUITests */,
				34246FAB1D6A4AE600C20F51 /* Products */,
			);
			sourceTree = "<group>";
		};
		34246FAB1D6A4AE600C20F51 /* Products */ = {
			isa = PBXGroup;
			children = (
				34246FAA1D6A4AE600C20F51 /* SettingFirebase.app */,
				34246FC31D6A4AE600C20F51 /* SettingFirebaseTests.xctest */,
				34246FCE1D6A4AE600C20F51 /* SettingFirebaseUITests.xctest */,
			);
			name = Products;
			sourceTree = "<group>";
		};
		34246FAC1D6A4AE600C20F51 /* SettingFirebase */ = {
			isa = PBXGroup;
			children = (
				34246FB01D6A4AE600C20F51 /* AppDelegate.h */,
				34246FB11D6A4AE600C20F51 /* AppDelegate.m */,
				34246FB31D6A4AE600C20F51 /* ViewController.h */,
				34246FB41D6A4AE600C20F51 /* ViewController.m */,
				34246FB61D6A4AE600C20F51 /* Main.storyboard */,
				34246FB91D6A4AE600C20F51 /* Assets.xcassets */,
				34246FBB1D6A4AE600C20F51 /* LaunchScreen.storyboard */,
				34246FBE1D6A4AE600C20F51 /* Info.plist */,
				34246FAD1D6A4AE600C20F51 /* Supporting Files */,
			);
			path = SettingFirebase;
			sourceTree = "<group>";
		};
		34246FAD1D6A4AE600C20F51 /* Supporting Files */ = {
			isa = PBXGroup;
			children = (
				34246FAE1D6A4AE600C20F51 /* main.m */,
			);
			name = "Supporting Files";
			sourceTree = "<group>";
		};
		34246FC61D6A4AE600C20F51 /* SettingFirebaseTests */ = {
			isa = PBXGroup;
			children = (
				34246FC71D6A4AE600C20F51 /* SettingFirebaseTests.m */,
				34246FC91D6A4AE600C20F51 /* Info.plist */,
			);
			path = SettingFirebaseTests;
			sourceTree = "<group>";
		};
		34246FD11D6A4AE600C20F51 /* SettingFirebaseUITests */ = {
			isa = PBXGroup;
			children = (
				34246FD21D6A4AE600C20F51 /* SettingFirebaseUITests.m */,
				34246FD41D6A4AE600C20F51 /* Info.plist */,
			);
			path = SettingFirebaseUITests;
			sourceTree = "<group>";
		};
/* End PBXGroup section */

/* Begin PBXNativeTarget section */
		34246FA91D6A4AE600C20F51 /* SettingFirebase */ = {
			isa = PBXNativeTarget;
			buildConfigurationList = 34246FD71D6A4AE600C20F51 /* Build configuration list for PBXNativeTarget "SettingFirebase" */;
			buildPhases = (
				34246FA61D6A4AE600C20F51 /* Sources */,
				34246FA71D6A4AE600C20F51 /* Frameworks */,
				34246FA81D6A4AE600C20F51 /* Resources */,
			);
			buildRules = (
			);
			dependencies = (
			);
			name = SettingFirebase;
			productName = SettingFirebase;
			productReference = 34246FAA1D6A4AE600C20F51 /* SettingFirebase.app */;
			productType = "com.apple.product-type.application";
		};
		34246FC21D6A4AE600C20F51 /* SettingFirebaseTests */ = {
			isa = PBXNativeTarget;
			buildConfigurationList = 34246FDA1D6A4AE600C20F51 /* Build configuration list for PBXNativeTarget "SettingFirebaseTests" */;
			buildPhases = (
				34246FBF1D6A4AE600C20F51 /* Sources */,
				34246FC01D6A4AE600C20F51 /* Frameworks */,
				34246FC11D6A4AE600C20F51 /* Resources */,
			);
			buildRules = (
			);
			dependencies = (
				34246FC51D6A4AE600C20F51 /* PBXTargetDependency */,
			);
			name = SettingFirebaseTests;
			productName = SettingFirebaseTests;
			productReference = 34246FC31D6A4AE600C20F51 /* SettingFirebaseTests.xctest */;
			productType = "com.apple.product-type.bundle.unit-test";
		};
		34246FCD1D6A4AE600C20F51 /* SettingFirebaseUITests */ = {
			isa = PBXNativeTarget;
			buildConfigurationList = 34246FDD1D6A4AE600C20F51 /* Build configuration list for PBXNativeTarget "SettingFirebaseUITests" */;
			buildPhases = (
				34246FCA1D6A4AE600C20F51 /* Sources */,
				34246FCB1D6A4AE600C20F51 /* Frameworks */,
				34246FCC1D6A4AE600C20F51 /* Resources */,
			);
			buildRules = (
			);
			dependencies = (
				34246FD01D6A4AE600C20F51 /* PBXTargetDependency */,
			);
			name = SettingFirebaseUITests;
			productName = SettingFirebaseUITests;
			productReference = 34246FCE1D6A4AE600C20F51 /* SettingFirebaseUITests.xctest */;
			productType = "com.apple.product-type.bundle.ui-testing";
		};
/* End PBXNativeTarget section */

/* Begin PBXProject section */
		34246FA21D6A4AE600C20F51 /* Project object */ = {
			isa = PBXProject;
			attributes = {
				LastUpgradeCheck = 0730;
				ORGANIZATIONNAME = "Jose Juan Suarez";
				TargetAttributes = {
					34246FA91D6A4AE600C20F51 = {
						CreatedOnToolsVersion = 7.3.1;
					};
					34246FC21D6A4AE600C20F51 = {
						CreatedOnToolsVersion = 7.3.1;
						TestTargetID = 34246FA91D6A4AE600C20F51;
					};
					34246FCD1D6A4AE600C20F51 = {
						CreatedOnToolsVersion = 7.3.1;
						TestTargetID = 34246FA91D6A4AE600C20F51;
					};
				};
			};
			buildConfigurationList = 34246FA51D6A4AE600C20F51 /* Build configuration list for PBXProject "SettingFirebase" */;
			compatibilityVersion = "Xcode 3.2";
			developmentRegion = English;
			hasScannedForEncodings = 0;
			knownRegions = (
				en,
				Base,
			);
			mainGroup = 34246FA11D6A4AE600C20F51;
			productRefGroup = 34246FAB1D6A4AE600C20F51 /* Products */;
			projectDirPath = "";
			projectRoot = "";
			targets = (
				34246FA91D6A4AE600C20F51 /* SettingFirebase */,
				34246FC21D6A4AE600C20F51 /* SettingFirebaseTests */,
				34246FCD1D6A4AE600C20F51 /* SettingFirebaseUITests */,
			);
		};
/* End PBXProject section */

/* Begin PBXResourcesBuildPhase section */
		34246FA81D6A4AE600C20F51 /* Resources */ = {
			isa = PBXResourcesBuildPhase;
			buildActionMask = 2147483647;
			files = (
				34246FBD1D6A4AE600C20F51 /* LaunchScreen.storyboard in Resources */,
				34246FBA1D6A4AE600C20F51 /* Assets.xcassets in Resources */,
				34246FB81D6A4AE600C20F51 /* Main.storyboard in Resources */,
			);
			runOnlyForDeploymentPostprocessing = 0;
		};
		34246FC11D6A4AE600C20F51 /* Resources */ = {
			isa = PBXResourcesBuildPhase;
			buildActionMask = 2147483647;
			files = (
			);
			runOnlyForDeploymentPostprocessing = 0;
		};
		34246FCC1D6A4AE600C20F51 /* Resources */ = {
			isa = PBXResourcesBuildPhase;
			buildActionMask = 2147483647;
			files = (
			);
			runOnlyForDeploymentPostprocessing = 0;
		};
/* End PBXResourcesBuildPhase section */

/* Begin PBXSourcesBuildPhase section */
		34246FA61D6A4AE600C20F51 /* Sources */ = {
			isa = PBXSourcesBuildPhase;
			buildActionMask = 2147483647;
			files = (
				34246FB51D6A4AE600C20F51 /* ViewController.m in Sources */,
				34246FB21D6A4AE600C20F51 /* AppDelegate.m in Sources */,
				34246FAF1D6A4AE600C20F51 /* main.m in Sources */,
			);
			runOnlyForDeploymentPostprocessing = 0;
		};
		34246FBF1D6A4AE600C20F51 /* Sources */ = {
			isa = PBXSourcesBuildPhase;
			buildActionMask = 2147483647;
			files = (
				34246FC81D6A4AE600C20F51 /* SettingFirebaseTests.m in Sources */,
			);
			runOnlyForDeploymentPostprocessing = 0;
		};
		34246FCA1D6A4AE600C20F51 /* Sources */ = {
			isa = PBXSourcesBuildPhase;
			buildActionMask = 2147483647;
			files = (
				34246FD31D6A4AE600C20F51 /* SettingFirebaseUITests.m in Sources */,
			);
			runOnlyForDeploymentPostprocessing = 0;
		};
/* End PBXSourcesBuildPhase section */

/* Begin PBXTargetDependency section */
		34246FC51D6A4AE600C20F51 /* PBXTargetDependency */ = {
			isa = PBXTargetDependency;
			target = 34246FA91D6A4AE600C20F51 /* SettingFirebase */;
			targetProxy = 34246FC41D6A4AE600C20F51 /* PBXContainerItemProxy */;
		};
		34246FD01D6A4AE600C20F51 /* PBXTargetDependency */ = {
			isa = PBXTargetDependency;
			target = 34246FA91D6A4AE600C20F51 /* SettingFirebase */;
			targetProxy = 34246FCF1D6A4AE600C20F51 /* PBXContainerItemProxy */;
		};
/* End PBXTargetDependency section */

/* Begin PBXVariantGroup section */
		34246FB61D6A4AE600C20F51 /* Main.storyboard */ = {
			isa = PBXVariantGroup;
			children = (
				34246FB71D6A4AE600C20F51 /* Base */,
			);
			name = Main.storyboard;
			sourceTree = "<group>";
		};
		34246FBB1D6A4AE600C20F51 /* LaunchScreen.storyboard */ = {
			isa = PBXVariantGroup;
			children = (
				34246FBC1D6A4AE600C20F51 /* Base */,
			);
			name = LaunchScreen.storyboard;
			sourceTree = "<group>";
		};
/* End PBXVariantGroup section */

/* Begin XCBuildConfiguration section */
		34246FD51D6A4AE600C20F51 /* Debug */ = {
			isa = XCBuildConfiguration;
			buildSettings = {
				ALWAYS_SEARCH_USER_PATHS = NO;
				CLANG_ANALYZER_NONNULL = YES;
				CLANG_CXX_LANGUAGE_STANDARD = "gnu++0x";
				CLANG_CXX_LIBRARY = "libc++";
				CLANG_ENABLE_MODULES = YES;
				CLANG_ENABLE_OBJC_ARC = YES;
				CLANG_WARN_BOOL_CONVERSION = YES;
				CLANG_WARN_CONSTANT_CONVERSION = YES;
				CLANG_WARN_DIRECT_OBJC_ISA_USAGE = YES_ERROR;
				CLANG_WARN_EMPTY_BODY = YES;
				CLANG_WARN_ENUM_CONVERSION = YES;
				CLANG_WARN_INT_CONVERSION = YES;
				CLANG_WARN_OBJC_ROOT_CLASS = YES_ERROR;
				CLANG_WARN_UNREACHABLE_CODE = YES;
				CLANG_WARN__DUPLICATE_METHOD_MATCH = YES;
				"CODE_SIGN_IDENTITY[sdk=iphoneos*]" = "iPhone Developer";
				COPY_PHASE_STRIP = NO;
				DEBUG_INFORMATION_FORMAT = dwarf;
				ENABLE_STRICT_OBJC_MSGSEND = YES;
				ENABLE_TESTABILITY = YES;
				GCC_C_LANGUAGE_STANDARD = gnu99;
				GCC_DYNAMIC_NO_PIC = NO;
				GCC_NO_COMMON_BLOCKS = YES;
				GCC_OPTIMIZATION_LEVEL = 0;
				GCC_PREPROCESSOR_DEFINITIONS = (
					"DEBUG=1",
					"$(inherited)",
				);
				GCC_WARN_64_TO_32_BIT_CONVERSION = YES;
				GCC_WARN_ABOUT_RETURN_TYPE = YES_ERROR;
				GCC_WARN_UNDECLARED_SELECTOR = YES;
				GCC_WARN_UNINITIALIZED_AUTOS = YES_AGGRESSIVE;
				GCC_WARN_UNUSED_FUNCTION = YES;
				GCC_WARN_UNUSED_VARIABLE = YES;
				IPHONEOS_DEPLOYMENT_TARGET = 9.3;
				MTL_ENABLE_DEBUG_INFO = YES;
				ONLY_ACTIVE_ARCH = YES;
				SDKROOT = iphoneos;
				TARGETED_DEVICE_FAMILY = "1,2";
			};
			name = Debug;
		};
		34246FD61D6A4AE600C20F51 /* Release */ = {
			isa = XCBuildConfiguration;
			buildSettings = {
				ALWAYS_SEARCH_USER_PATHS = NO;
				CLANG_ANALYZER_NONNULL = YES;
				CLANG_CXX_LANGUAGE_STANDARD = "gnu++0x";
				CLANG_CXX_LIBRARY = "libc++";
				CLANG_ENABLE_MODULES = YES;
				CLANG_ENABLE_OBJC_ARC = YES;
				CLANG_WARN_BOOL_CONVERSION = YES;
				CLANG_WARN_CONSTANT_CONVERSION = YES;
				CLANG_WARN_DIRECT_OBJC_ISA_USAGE = YES_ERROR;
				CLANG_WARN_EMPTY_BODY = YES;
				CLANG_WARN_ENUM_CONVERSION = YES;
				CLANG_WARN_INT_CONVERSION = YES;
				CLANG_WARN_OBJC_ROOT_CLASS = YES_ERROR;
				CLANG_WARN_UNREACHABLE_CODE = YES;
				CLANG_WARN__DUPLICATE_METHOD_MATCH = YES;
				"CODE_SIGN_IDENTITY[sdk=iphoneos*]" = "iPhone Developer";
				COPY_PHASE_STRIP = NO;
				DEBUG_INFORMATION_FORMAT = "dwarf-with-dsym";
				ENABLE_NS_ASSERTIONS = NO;
				ENABLE_STRICT_OBJC_MSGSEND = YES;
				GCC_C_LANGUAGE_STANDARD = gnu99;
				GCC_NO_COMMON_BLOCKS = YES;
				GCC_WARN_64_TO_32_BIT_CONVERSION = YES;
				GCC_WARN_ABOUT_RETURN_TYPE = YES_ERROR;
				GCC_WARN_UNDECLARED_SELECTOR = YES;
				GCC_WARN_UNINITIALIZED_AUTOS = YES_AGGRESSIVE;
				GCC_WARN_UNUSED_FUNCTION = YES;
				GCC_WARN_UNUSED_VARIABLE = YES;
				IPHONEOS_DEPLOYMENT_TARGET = 9.3;
				MTL_ENABLE_DEBUG_INFO = NO;
				SDKROOT = iphoneos;
				TARGETED_DEVICE_FAMILY = "1,2";
				VALIDATE_PRODUCT = YES;
			};
			name = Release;
		};
		34246FD81D6A4AE600C20F51 /* Debug */ = {
			isa = XCBuildConfiguration;
			buildSettings = {
				ASSETCATALOG_COMPILER_APPICON_NAME = AppIcon;
				INFOPLIST_FILE = SettingFirebase/Info.plist;
				LD_RUNPATH_SEARCH_PATHS = "$(inherited) @executable_path/Frameworks";
				PRODUCT_BUNDLE_IDENTIFIER = com.krakenn.SettingFirebase;
				PRODUCT_NAME = "$(TARGET_NAME)";
			};
			name = Debug;
		};
		34246FD91D6A4AE600C20F51 /* Release */ = {
			isa = XCBuildConfiguration;
			buildSettings = {
				ASSETCATALOG_COMPILER_APPICON_NAME = AppIcon;
				INFOPLIST_FILE = SettingFirebase/Info.plist;
				LD_RUNPATH_SEARCH_PATHS = "$(inherited) @executable_path/Frameworks";
				PRODUCT_BUNDLE_IDENTIFIER = com.krakenn.SettingFirebase;
				PRODUCT_NAME = "$(TARGET_NAME)";
			};
			name = Release;
		};
		34246FDB1D6A4AE600C20F51 /* Debug */ = {
			isa = XCBuildConfiguration;
			buildSettings = {
				BUNDLE_LOADER = "$(TEST_HOST)";
				INFOPLIST_FILE = SettingFirebaseTests/Info.plist;
				LD_RUNPATH_SEARCH_PATHS = "$(inherited) @executable_path/Frameworks @loader_path/Frameworks";
				PRODUCT_BUNDLE_IDENTIFIER = com.krakenn.SettingFirebaseTests;
				PRODUCT_NAME = "$(TARGET_NAME)";
				TEST_HOST = "$(BUILT_PRODUCTS_DIR)/SettingFirebase.app/SettingFirebase";
			};
			name = Debug;
		};
		34246FDC1D6A4AE600C20F51 /* Release */ = {
			isa = XCBuildConfiguration;
			buildSettings = {
				BUNDLE_LOADER = "$(TEST_HOST)";
				INFOPLIST_FILE = SettingFirebaseTests/Info.plist;
				LD_RUNPATH_SEARCH_PATHS = "$(inherited) @executable_path/Frameworks @loader_path/Frameworks";
				PRODUCT_BUNDLE_IDENTIFIER = com.krakenn.SettingFirebaseTests;
				PRODUCT_NAME = "$(TARGET_NAME)";
				TEST_HOST = "$(BUILT_PRODUCTS_DIR)/SettingFirebase.app/SettingFirebase";
			};
			name = Release;
		};
		34246FDE1D6A4AE600C20F51 /* Debug */ = {
			isa = XCBuildConfiguration;
			buildSettings = {
				INFOPLIST_FILE = SettingFirebaseUITests/Info.plist;
				LD_RUNPATH_SEARCH_PATHS = "$(inherited) @executable_path/Frameworks @loader_path/Frameworks";
				PRODUCT_BUNDLE_IDENTIFIER = com.krakenn.SettingFirebaseUITests;
				PRODUCT_NAME = "$(TARGET_NAME)";
				TEST_TARGET_NAME = SettingFirebase;
			};
			name = Debug;
		};
		34246FDF1D6A4AE600C20F51 /* Release */ = {
			isa = XCBuildConfiguration;
			buildSettings = {
				INFOPLIST_FILE = SettingFirebaseUITests/Info.plist;
				LD_RUNPATH_SEARCH_PATHS = "$(inherited) @executable_path/Frameworks @loader_path/Frameworks";
				PRODUCT_BUNDLE_IDENTIFIER = com.krakenn.SettingFirebaseUITests;
				PRODUCT_NAME = "$(TARGET_NAME)";
				TEST_TARGET_NAME = SettingFirebase;
			};
			name = Release;
		};
/* End XCBuildConfiguration section */

/* Begin XCConfigurationList section */
		34246FA51D6A4AE600C20F51 /* Build configuration list for PBXProject "SettingFirebase" */ = {
			isa = XCConfigurationList;
			buildConfigurations = (
				34246FD51D6A4AE600C20F51 /* Debug */,
				34246FD61D6A4AE600C20F51 /* Release */,
			);
			defaultConfigurationIsVisible = 0;
			defaultConfigurationName = Release;
		};
		34246FD71D6A4AE600C20F51 /* Build configuration list for PBXNativeTarget "SettingFirebase" */ = {
			isa = XCConfigurationList;
			buildConfigurations = (
				34246FD81D6A4AE600C20F51 /* Debug */,
				34246FD91D6A4AE600C20F51 /* Release */,
			);
			defaultConfigurationIsVisible = 0;
		};
		34246FDA1D6A4AE600C20F51 /* Build configuration list for PBXNativeTarget "SettingFirebaseTests" */ = {
			isa = XCConfigurationList;
			buildConfigurations = (
				34246FDB1D6A4AE600C20F51 /* Debug */,
				34246FDC1D6A4AE600C20F51 /* Release */,
			);
			defaultConfigurationIsVisible = 0;
		};
		34246FDD1D6A4AE600C20F51 /* Build configuration list for PBXNativeTarget "SettingFirebaseUITests" */ = {
			isa = XCConfigurationList;
			buildConfigurations = (
				34246FDE1D6A4AE600C20F51 /* Debug */,
				34246FDF1D6A4AE600C20F51 /* Release */,
			);
			defaultConfigurationIsVisible = 0;
		};
/* End XCConfigurationList section */
	};
	rootObject = 34246FA21D6A4AE600C20F51 /* Project object */;
}
